
Microsoft Visual Studio Solution File, Format Version 12.00
# Visual Studio Version 16
VisualStudioVersion = 16.0.30907.101
MinimumVisualStudioVersion = 10.0.40219.1
Project("{FAE04EC0-301F-11D3-BF4B-00C04F79EFBC}") = "grafikaKom1", "grafikaKom1.csproj", "{5DC1EC74-2851-4390-9592-08C71D741D00}"
EndProject
Global
	GlobalSection(SolutionConfigurationPlatforms) = preSolution
		Debug|Any CPU = Debug|Any CPU
		Release|Any CPU = Release|Any CPU
	EndGlobalSection
	GlobalSection(ProjectConfigurationPlatforms) = postSolution
		{5DC1EC74-2851-4390-9592-08C71D741D00}.Debug|Any CPU.ActiveCfg = Debug|Any CPU
		{5DC1EC74-2851-4390-9592-08C71D741D00}.Debug|Any CPU.Build.0 = Debug|Any CPU
		{5DC1EC74-2851-4390-9592-08C71D741D00}.Release|Any CPU.ActiveCfg = Release|Any CPU
		{5DC1EC74-2851-4390-9592-08C71D741D00}.Release|Any CPU.Build.0 = Release|Any CPU
	EndGlobalSection
	GlobalSection(SolutionProperties) = preSolution
		HideSolutionNode = FALSE
	EndGlobalSection
	GlobalSection(ExtensibilityGlobals) = postSolution
		SolutionGuid = {6BC64640-54F8-4FCC-BE72-B957A8A4F2A9}
	EndGlobalSection
EndGlobal
